
Microsoft Visual Studio Solution File, Format Version 12.00
# Visual Studio Version 16
VisualStudioVersion = 16.0.31005.135
MinimumVisualStudioVersion = 10.0.40219.1
Project("{9A19103F-16F7-4668-BE54-9A1E7A4F7556}") = "SodaMachineLibrary", "SodaMachineLibrary\SodaMachineLibrary.csproj", "{D3EB9A66-A69D-42BB-AAE1-80D16BB61838}"
EndProject
Project("{9A19103F-16F7-4668-BE54-9A1E7A4F7556}") = "SodaMachineLibrary.Tests", "SodaMachineLibrary.Tests\SodaMachineLibrary.Tests.csproj", "{E6A69648-B292-46BB-8FCD-877176525B07}"
EndProject
Project("{9A19103F-16F7-4668-BE54-9A1E7A4F7556}") = "SodaMachineConsoleUI", "SodaMachineConsoleUI\SodaMachineConsoleUI.csproj", "{7A1DCB99-2C44-47FB-9C68-430DDD1BE9BA}"
EndProject
Project("{FAE04EC0-301F-11D3-BF4B-00C04F79EFBC}") = "SodaMachineRazorUI", "SodaMachineRazorUI\SodaMachineRazorUI.csproj", "{7166B4C5-2E2D-464F-B434-839B2B48A504}"
EndProject
Global
	GlobalSection(SolutionConfigurationPlatforms) = preSolution
		Debug|Any CPU = Debug|Any CPU
		Release|Any CPU = Release|Any CPU
	EndGlobalSection
	GlobalSection(ProjectConfigurationPlatforms) = postSolution
		{D3EB9A66-A69D-42BB-AAE1-80D16BB61838}.Debug|Any CPU.ActiveCfg = Debug|Any CPU
		{D3EB9A66-A69D-42BB-AAE1-80D16BB61838}.Debug|Any CPU.Build.0 = Debug|Any CPU
		{D3EB9A66-A69D-42BB-AAE1-80D16BB61838}.Release|Any CPU.ActiveCfg = Release|Any CPU
		{D3EB9A66-A69D-42BB-AAE1-80D16BB61838}.Release|Any CPU.Build.0 = Release|Any CPU
		{E6A69648-B292-46BB-8FCD-877176525B07}.Debug|Any CPU.ActiveCfg = Debug|Any CPU
		{E6A69648-B292-46BB-8FCD-877176525B07}.Debug|Any CPU.Build.0 = Debug|Any CPU
		{E6A69648-B292-46BB-8FCD-877176525B07}.Release|Any CPU.ActiveCfg = Release|Any CPU
		{E6A69648-B292-46BB-8FCD-877176525B07}.Release|Any CPU.Build.0 = Release|Any CPU
		{7A1DCB99-2C44-47FB-9C68-430DDD1BE9BA}.Debug|Any CPU.ActiveCfg = Debug|Any CPU
		{7A1DCB99-2C44-47FB-9C68-430DDD1BE9BA}.Debug|Any CPU.Build.0 = Debug|Any CPU
		{7A1DCB99-2C44-47FB-9C68-430DDD1BE9BA}.Release|Any CPU.ActiveCfg = Release|Any CPU
		{7A1DCB99-2C44-47FB-9C68-430DDD1BE9BA}.Release|Any CPU.Build.0 = Release|Any CPU
		{7166B4C5-2E2D-464F-B434-839B2B48A504}.Debug|Any CPU.ActiveCfg = Debug|Any CPU
		{7166B4C5-2E2D-464F-B434-839B2B48A504}.Debug|Any CPU.Build.0 = Debug|Any CPU
		{7166B4C5-2E2D-464F-B434-839B2B48A504}.Release|Any CPU.ActiveCfg = Release|Any CPU
		{7166B4C5-2E2D-464F-B434-839B2B48A504}.Release|Any CPU.Build.0 = Release|Any CPU
	EndGlobalSection
	GlobalSection(SolutionProperties) = preSolution
		HideSolutionNode = FALSE
	EndGlobalSection
	GlobalSection(ExtensibilityGlobals) = postSolution
		SolutionGuid = {9A80A62F-0970-4923-BC84-A0C6FBC5FAD3}
	EndGlobalSection
EndGlobal
